
Microsoft Visual Studio Solution File, Format Version 12.00
# Visual Studio Version 17
VisualStudioVersion = 17.0.32014.148
MinimumVisualStudioVersion = 10.0.40219.1
Project("{FAE04EC0-301F-11D3-BF4B-00C04F79EFBC}") = "Cropper.Blazor.Server", "Cropper.Blazor\Server\Cropper.Blazor.Server.csproj", "{9DA30F71-27C3-4EDD-9BDB-133100DFCF31}"
EndProject
Project("{FAE04EC0-301F-11D3-BF4B-00C04F79EFBC}") = "Cropper.Blazor.Client", "Cropper.Blazor\Client\Cropper.Blazor.Client.csproj", "{78DFA7DE-028D-4B0C-86A3-D8E005671DB8}"
EndProject
Project("{FAE04EC0-301F-11D3-BF4B-00C04F79EFBC}") = "Cropper.Blazor.Shared", "Cropper.Blazor\Shared\Cropper.Blazor.Shared.csproj", "{FA9EADEA-AC55-4C18-8C80-8F0E2CE86862}"
EndProject
Global
	GlobalSection(SolutionConfigurationPlatforms) = preSolution
		Debug|Any CPU = Debug|Any CPU
		Release|Any CPU = Release|Any CPU
	EndGlobalSection
	GlobalSection(ProjectConfigurationPlatforms) = postSolution
		{9DA30F71-27C3-4EDD-9BDB-133100DFCF31}.Debug|Any CPU.ActiveCfg = Debug|Any CPU
		{9DA30F71-27C3-4EDD-9BDB-133100DFCF31}.Debug|Any CPU.Build.0 = Debug|Any CPU
		{9DA30F71-27C3-4EDD-9BDB-133100DFCF31}.Release|Any CPU.ActiveCfg = Release|Any CPU
		{9DA30F71-27C3-4EDD-9BDB-133100DFCF31}.Release|Any CPU.Build.0 = Release|Any CPU
		{78DFA7DE-028D-4B0C-86A3-D8E005671DB8}.Debug|Any CPU.ActiveCfg = Debug|Any CPU
		{78DFA7DE-028D-4B0C-86A3-D8E005671DB8}.Debug|Any CPU.Build.0 = Debug|Any CPU
		{78DFA7DE-028D-4B0C-86A3-D8E005671DB8}.Release|Any CPU.ActiveCfg = Release|Any CPU
		{78DFA7DE-028D-4B0C-86A3-D8E005671DB8}.Release|Any CPU.Build.0 = Release|Any CPU
		{FA9EADEA-AC55-4C18-8C80-8F0E2CE86862}.Debug|Any CPU.ActiveCfg = Debug|Any CPU
		{FA9EADEA-AC55-4C18-8C80-8F0E2CE86862}.Debug|Any CPU.Build.0 = Debug|Any CPU
		{FA9EADEA-AC55-4C18-8C80-8F0E2CE86862}.Release|Any CPU.ActiveCfg = Release|Any CPU
		{FA9EADEA-AC55-4C18-8C80-8F0E2CE86862}.Release|Any CPU.Build.0 = Release|Any CPU
	EndGlobalSection
	GlobalSection(SolutionProperties) = preSolution
		HideSolutionNode = FALSE
	EndGlobalSection
	GlobalSection(ExtensibilityGlobals) = postSolution
		SolutionGuid = {FFC95A96-A66A-4648-B923-C74EB97C1979}
	EndGlobalSection
EndGlobal
