
Microsoft Visual Studio Solution File, Format Version 12.00
# Visual Studio Version 17
VisualStudioVersion = 17.0.32014.148
MinimumVisualStudioVersion = 10.0.40219.1
Project("{9A19103F-16F7-4668-BE54-9A1E7A4F7556}") = "Cropper.Blazor.Server", "Server\Cropper.Blazor.Server.csproj", "{62A3968C-AB74-4CF5-8F5C-3AF53E3D3A85}"
EndProject
Project("{9A19103F-16F7-4668-BE54-9A1E7A4F7556}") = "Cropper.Blazor.Client", "Client\Cropper.Blazor.Client.csproj", "{3CD2E5C9-8D12-4ABF-9F06-EFB70AA7366D}"
EndProject
Project("{9A19103F-16F7-4668-BE54-9A1E7A4F7556}") = "Cropper.Blazor.Shared", "Shared\Cropper.Blazor.Shared.csproj", "{EA03DC07-8523-4B63-A52E-6988F6E375E0}"
EndProject
Project("{9A19103F-16F7-4668-BE54-9A1E7A4F7556}") = "Cropper.Blazor", "Cropper.Blazor\Cropper.Blazor.csproj", "{FA58CDB6-2BC9-4F10-A3C4-465CDAC628E3}"
EndProject
Global
	GlobalSection(SolutionConfigurationPlatforms) = preSolution
		Debug|Any CPU = Debug|Any CPU
		Release|Any CPU = Release|Any CPU
	EndGlobalSection
	GlobalSection(ProjectConfigurationPlatforms) = postSolution
		{62A3968C-AB74-4CF5-8F5C-3AF53E3D3A85}.Debug|Any CPU.ActiveCfg = Debug|Any CPU
		{62A3968C-AB74-4CF5-8F5C-3AF53E3D3A85}.Debug|Any CPU.Build.0 = Debug|Any CPU
		{62A3968C-AB74-4CF5-8F5C-3AF53E3D3A85}.Release|Any CPU.ActiveCfg = Release|Any CPU
		{62A3968C-AB74-4CF5-8F5C-3AF53E3D3A85}.Release|Any CPU.Build.0 = Release|Any CPU
		{3CD2E5C9-8D12-4ABF-9F06-EFB70AA7366D}.Debug|Any CPU.ActiveCfg = Debug|Any CPU
		{3CD2E5C9-8D12-4ABF-9F06-EFB70AA7366D}.Debug|Any CPU.Build.0 = Debug|Any CPU
		{3CD2E5C9-8D12-4ABF-9F06-EFB70AA7366D}.Release|Any CPU.ActiveCfg = Release|Any CPU
		{3CD2E5C9-8D12-4ABF-9F06-EFB70AA7366D}.Release|Any CPU.Build.0 = Release|Any CPU
		{EA03DC07-8523-4B63-A52E-6988F6E375E0}.Debug|Any CPU.ActiveCfg = Debug|Any CPU
		{EA03DC07-8523-4B63-A52E-6988F6E375E0}.Debug|Any CPU.Build.0 = Debug|Any CPU
		{EA03DC07-8523-4B63-A52E-6988F6E375E0}.Release|Any CPU.ActiveCfg = Release|Any CPU
		{EA03DC07-8523-4B63-A52E-6988F6E375E0}.Release|Any CPU.Build.0 = Release|Any CPU
		{FA58CDB6-2BC9-4F10-A3C4-465CDAC628E3}.Debug|Any CPU.ActiveCfg = Debug|Any CPU
		{FA58CDB6-2BC9-4F10-A3C4-465CDAC628E3}.Debug|Any CPU.Build.0 = Debug|Any CPU
		{FA58CDB6-2BC9-4F10-A3C4-465CDAC628E3}.Release|Any CPU.ActiveCfg = Release|Any CPU
		{FA58CDB6-2BC9-4F10-A3C4-465CDAC628E3}.Release|Any CPU.Build.0 = Release|Any CPU
	EndGlobalSection
	GlobalSection(SolutionProperties) = preSolution
		HideSolutionNode = FALSE
	EndGlobalSection
	GlobalSection(ExtensibilityGlobals) = postSolution
		SolutionGuid = {C2EE0C77-7D1D-41D9-B923-314095849A25}
	EndGlobalSection
EndGlobal
