
Microsoft Visual Studio Solution File, Format Version 12.00
# Visual Studio Version 17
VisualStudioVersion = 17.0.32014.148
MinimumVisualStudioVersion = 10.0.40219.1
Project("{9A19103F-16F7-4668-BE54-9A1E7A4F7556}") = "Cropper.Blazor.Server", "Server\Cropper.Blazor.Server.csproj", "{62A3968C-AB74-4CF5-8F5C-3AF53E3D3A85}"
EndProject
Project("{9A19103F-16F7-4668-BE54-9A1E7A4F7556}") = "Cropper.Blazor.Client", "Client\Cropper.Blazor.Client.csproj", "{3CD2E5C9-8D12-4ABF-9F06-EFB70AA7366D}"
EndProject
Project("{9A19103F-16F7-4668-BE54-9A1E7A4F7556}") = "Cropper.Blazor", "Cropper.Blazor\Cropper.Blazor.csproj", "{FA58CDB6-2BC9-4F10-A3C4-465CDAC628E3}"
EndProject
Project("{2150E333-8FDC-42A3-9474-1A3956D46DE8}") = "Tests", "Tests", "{E3B241FF-8870-4531-BA32-271802B0ECCA}"
EndProject
Project("{9A19103F-16F7-4668-BE54-9A1E7A4F7556}") = "Cropper.Blazor.UnitTests", "Cropper.Blazor.UnitTests\Cropper.Blazor.UnitTests.csproj", "{BE6E7931-6FBD-4F31-9A70-3B909DB36291}"
EndProject
Project("{9A19103F-16F7-4668-BE54-9A1E7A4F7556}") = "Cropper.Blazor.Testing", "Cropper.Blazor.Testing\Cropper.Blazor.Testing.csproj", "{D146B02D-1545-48FB-A0D3-17AF0F97C6E6}"
EndProject
Project("{2150E333-8FDC-42A3-9474-1A3956D46DE8}") = "Solution Items", "Solution Items", "{624968C7-925A-4896-8405-4174FD48B9BC}"
	ProjectSection(SolutionItems) = preProject
		..\..\.github\PULL_REQUEST_TEMPLATE.md = ..\..\.github\PULL_REQUEST_TEMPLATE.md
		..\..\README.md = ..\..\README.md
	EndProjectSection
EndProject
Project("{2150E333-8FDC-42A3-9474-1A3956D46DE8}") = "linters", "linters", "{42196427-7CE7-4B56-BAA3-717B1CB6C245}"
	ProjectSection(SolutionItems) = preProject
		..\..\.github\linters\.htmlhintrc = ..\..\.github\linters\.htmlhintrc
		..\..\.github\linters\.jscpd.json = ..\..\.github\linters\.jscpd.json
		..\..\.github\linters\.stylelintrc.json = ..\..\.github\linters\.stylelintrc.json
	EndProjectSection
EndProject
Project("{2150E333-8FDC-42A3-9474-1A3956D46DE8}") = "pipelines", "pipelines", "{378A2956-8E21-434D-9480-9D4E0732098B}"
	ProjectSection(SolutionItems) = preProject
		..\..\.github\workflows\cd.yml = ..\..\.github\workflows\cd.yml
		..\..\.github\workflows\ci.yml = ..\..\.github\workflows\ci.yml
		..\..\.github\codecov.yml = ..\..\.github\codecov.yml
		..\..\.github\workflows\release.yml = ..\..\.github\workflows\release.yml
	EndProjectSection
EndProject
Project("{9A19103F-16F7-4668-BE54-9A1E7A4F7556}") = "Cropper.Blazor.Client.Compiler", "Cropper.Blazor.Client.Compiler\Cropper.Blazor.Client.Compiler.csproj", "{AA2CDA13-6D81-4A3B-871D-2C5B26926D9B}"
EndProject
Project("{2150E333-8FDC-42A3-9474-1A3956D46DE8}") = "Library", "Library", "{1CC7BA40-8F2C-4BD6-B43E-93D43E1CD60F}"
EndProject
Project("{2150E333-8FDC-42A3-9474-1A3956D46DE8}") = "Demo", "Demo", "{AA493A4F-99D7-4C5D-9355-28E5159F9DB6}"
EndProject
Project("{2150E333-8FDC-42A3-9474-1A3956D46DE8}") = "Examples", "Examples", "{3F9EEAFE-D670-4097-AF08-063AEAAFA221}"
EndProject
Project("{2150E333-8FDC-42A3-9474-1A3956D46DE8}") = ".Net7", ".Net7", "{C62F9514-6763-4ABC-8D9F-4FA303813196}"
EndProject
Project("{2150E333-8FDC-42A3-9474-1A3956D46DE8}") = ".Net6", ".Net6", "{DD5F5133-42D0-48BA-8F14-B3A7BB5D69C9}"
EndProject
Project("{2150E333-8FDC-42A3-9474-1A3956D46DE8}") = "Blazor Server", "Blazor Server", "{38F4BE6A-E926-4396-8ED2-0FB5B2082181}"
EndProject
Project("{2150E333-8FDC-42A3-9474-1A3956D46DE8}") = "Blazor Server", "Blazor Server", "{D7DC8624-D61D-43A1-AECB-423F89E2F3E2}"
EndProject
Project("{9A19103F-16F7-4668-BE54-9A1E7A4F7556}") = "Cropper.Blazor.Server.Net7", "Cropper.Blazor.Server.Net7\Cropper.Blazor.Server.Net7.csproj", "{79FCED74-C4CF-40D0-ABA8-B98E99A762B7}"
EndProject
Project("{9A19103F-16F7-4668-BE54-9A1E7A4F7556}") = "Cropper.Blazor.Server.Net6", "Cropper.Blazor.Server.Net6\Cropper.Blazor.Server.Net6.csproj", "{EB26F474-D899-4BEE-AA70-8B1A9B45C485}"
EndProject
Project("{2150E333-8FDC-42A3-9474-1A3956D46DE8}") = "MAUI Blazor", "MAUI Blazor", "{946A00A5-899E-4A2E-84CB-5A6738A3E8A6}"
EndProject
Project("{2150E333-8FDC-42A3-9474-1A3956D46DE8}") = "MAUI Blazor", "MAUI Blazor", "{8D495874-5202-49BC-91A7-6ABDD0AFDAE7}"
EndProject
Global
	GlobalSection(SolutionConfigurationPlatforms) = preSolution
		Debug|Any CPU = Debug|Any CPU
		Release|Any CPU = Release|Any CPU
	EndGlobalSection
	GlobalSection(ProjectConfigurationPlatforms) = postSolution
		{62A3968C-AB74-4CF5-8F5C-3AF53E3D3A85}.Debug|Any CPU.ActiveCfg = Debug|Any CPU
		{62A3968C-AB74-4CF5-8F5C-3AF53E3D3A85}.Debug|Any CPU.Build.0 = Debug|Any CPU
		{62A3968C-AB74-4CF5-8F5C-3AF53E3D3A85}.Release|Any CPU.ActiveCfg = Release|Any CPU
		{62A3968C-AB74-4CF5-8F5C-3AF53E3D3A85}.Release|Any CPU.Build.0 = Release|Any CPU
		{3CD2E5C9-8D12-4ABF-9F06-EFB70AA7366D}.Debug|Any CPU.ActiveCfg = Debug|Any CPU
		{3CD2E5C9-8D12-4ABF-9F06-EFB70AA7366D}.Debug|Any CPU.Build.0 = Debug|Any CPU
		{3CD2E5C9-8D12-4ABF-9F06-EFB70AA7366D}.Release|Any CPU.ActiveCfg = Release|Any CPU
		{3CD2E5C9-8D12-4ABF-9F06-EFB70AA7366D}.Release|Any CPU.Build.0 = Release|Any CPU
		{FA58CDB6-2BC9-4F10-A3C4-465CDAC628E3}.Debug|Any CPU.ActiveCfg = Debug|Any CPU
		{FA58CDB6-2BC9-4F10-A3C4-465CDAC628E3}.Debug|Any CPU.Build.0 = Debug|Any CPU
		{FA58CDB6-2BC9-4F10-A3C4-465CDAC628E3}.Release|Any CPU.ActiveCfg = Release|Any CPU
		{FA58CDB6-2BC9-4F10-A3C4-465CDAC628E3}.Release|Any CPU.Build.0 = Release|Any CPU
		{BE6E7931-6FBD-4F31-9A70-3B909DB36291}.Debug|Any CPU.ActiveCfg = Debug|Any CPU
		{BE6E7931-6FBD-4F31-9A70-3B909DB36291}.Debug|Any CPU.Build.0 = Debug|Any CPU
		{BE6E7931-6FBD-4F31-9A70-3B909DB36291}.Release|Any CPU.ActiveCfg = Release|Any CPU
		{BE6E7931-6FBD-4F31-9A70-3B909DB36291}.Release|Any CPU.Build.0 = Release|Any CPU
		{D146B02D-1545-48FB-A0D3-17AF0F97C6E6}.Debug|Any CPU.ActiveCfg = Debug|Any CPU
		{D146B02D-1545-48FB-A0D3-17AF0F97C6E6}.Debug|Any CPU.Build.0 = Debug|Any CPU
		{D146B02D-1545-48FB-A0D3-17AF0F97C6E6}.Release|Any CPU.ActiveCfg = Release|Any CPU
		{D146B02D-1545-48FB-A0D3-17AF0F97C6E6}.Release|Any CPU.Build.0 = Release|Any CPU
		{AA2CDA13-6D81-4A3B-871D-2C5B26926D9B}.Debug|Any CPU.ActiveCfg = Debug|Any CPU
		{AA2CDA13-6D81-4A3B-871D-2C5B26926D9B}.Debug|Any CPU.Build.0 = Debug|Any CPU
		{AA2CDA13-6D81-4A3B-871D-2C5B26926D9B}.Release|Any CPU.ActiveCfg = Release|Any CPU
		{AA2CDA13-6D81-4A3B-871D-2C5B26926D9B}.Release|Any CPU.Build.0 = Release|Any CPU
		{79FCED74-C4CF-40D0-ABA8-B98E99A762B7}.Debug|Any CPU.ActiveCfg = Debug|Any CPU
		{79FCED74-C4CF-40D0-ABA8-B98E99A762B7}.Debug|Any CPU.Build.0 = Debug|Any CPU
		{79FCED74-C4CF-40D0-ABA8-B98E99A762B7}.Release|Any CPU.ActiveCfg = Release|Any CPU
		{79FCED74-C4CF-40D0-ABA8-B98E99A762B7}.Release|Any CPU.Build.0 = Release|Any CPU
		{EB26F474-D899-4BEE-AA70-8B1A9B45C485}.Debug|Any CPU.ActiveCfg = Debug|Any CPU
		{EB26F474-D899-4BEE-AA70-8B1A9B45C485}.Debug|Any CPU.Build.0 = Debug|Any CPU
		{EB26F474-D899-4BEE-AA70-8B1A9B45C485}.Release|Any CPU.ActiveCfg = Release|Any CPU
		{EB26F474-D899-4BEE-AA70-8B1A9B45C485}.Release|Any CPU.Build.0 = Release|Any CPU
	EndGlobalSection
	GlobalSection(SolutionProperties) = preSolution
		HideSolutionNode = FALSE
	EndGlobalSection
	GlobalSection(NestedProjects) = preSolution
		{62A3968C-AB74-4CF5-8F5C-3AF53E3D3A85} = {AA493A4F-99D7-4C5D-9355-28E5159F9DB6}
		{3CD2E5C9-8D12-4ABF-9F06-EFB70AA7366D} = {AA493A4F-99D7-4C5D-9355-28E5159F9DB6}
		{FA58CDB6-2BC9-4F10-A3C4-465CDAC628E3} = {1CC7BA40-8F2C-4BD6-B43E-93D43E1CD60F}
		{BE6E7931-6FBD-4F31-9A70-3B909DB36291} = {E3B241FF-8870-4531-BA32-271802B0ECCA}
		{D146B02D-1545-48FB-A0D3-17AF0F97C6E6} = {E3B241FF-8870-4531-BA32-271802B0ECCA}
		{42196427-7CE7-4B56-BAA3-717B1CB6C245} = {624968C7-925A-4896-8405-4174FD48B9BC}
		{378A2956-8E21-434D-9480-9D4E0732098B} = {624968C7-925A-4896-8405-4174FD48B9BC}
		{AA2CDA13-6D81-4A3B-871D-2C5B26926D9B} = {AA493A4F-99D7-4C5D-9355-28E5159F9DB6}
		{C62F9514-6763-4ABC-8D9F-4FA303813196} = {3F9EEAFE-D670-4097-AF08-063AEAAFA221}
		{DD5F5133-42D0-48BA-8F14-B3A7BB5D69C9} = {3F9EEAFE-D670-4097-AF08-063AEAAFA221}
		{38F4BE6A-E926-4396-8ED2-0FB5B2082181} = {C62F9514-6763-4ABC-8D9F-4FA303813196}
		{D7DC8624-D61D-43A1-AECB-423F89E2F3E2} = {DD5F5133-42D0-48BA-8F14-B3A7BB5D69C9}
		{79FCED74-C4CF-40D0-ABA8-B98E99A762B7} = {38F4BE6A-E926-4396-8ED2-0FB5B2082181}
		{EB26F474-D899-4BEE-AA70-8B1A9B45C485} = {D7DC8624-D61D-43A1-AECB-423F89E2F3E2}
		{946A00A5-899E-4A2E-84CB-5A6738A3E8A6} = {DD5F5133-42D0-48BA-8F14-B3A7BB5D69C9}
		{8D495874-5202-49BC-91A7-6ABDD0AFDAE7} = {C62F9514-6763-4ABC-8D9F-4FA303813196}
	EndGlobalSection
	GlobalSection(ExtensibilityGlobals) = postSolution
		SolutionGuid = {C2EE0C77-7D1D-41D9-B923-314095849A25}
	EndGlobalSection
EndGlobal
