
Microsoft Visual Studio Solution File, Format Version 12.00
# Visual Studio Version 17
VisualStudioVersion = 17.4.33110.190
MinimumVisualStudioVersion = 10.0.40219.1
Project("{2150E333-8FDC-42A3-9474-1A3956D46DE8}") = "Examples", "Examples", "{49B4C364-A66D-44E3-8094-35C8CEC06100}"
EndProject
Project("{9A19103F-16F7-4668-BE54-9A1E7A4F7556}") = "Cropper.Blazor.Server.Net6", "Cropper.Blazor.Server.Net6\Cropper.Blazor.Server.Net6.csproj", "{DCB512C2-9EF1-4777-82B8-D9E8FAFD3883}"
EndProject
Project("{9A19103F-16F7-4668-BE54-9A1E7A4F7556}") = "Cropper.Blazor.Server.Net7", "Cropper.Blazor.Server.Net7\Cropper.Blazor.Server.Net7.csproj", "{A607E161-5266-4B13-AB68-6DEBB8768F54}"
EndProject
Project("{2150E333-8FDC-42A3-9474-1A3956D46DE8}") = "Library", "Library", "{4F93F51C-1D65-4E5D-86F7-7BC5B8899180}"
EndProject
Project("{9A19103F-16F7-4668-BE54-9A1E7A4F7556}") = "Cropper.Blazor", "..\src\Cropper.Blazor\Cropper.Blazor\Cropper.Blazor.csproj", "{84AC7F07-3FB9-4147-AB61-733243686D9A}"
EndProject
Project("{9A19103F-16F7-4668-BE54-9A1E7A4F7556}") = "Cropper.MVC.With.Blazor.Server.Net7", "Cropper.MVC.With.Blazor.Server.Net7\Cropper.MVC.With.Blazor.Server.Net7.csproj", "{B6352D48-8912-40CA-B099-E337F1B3CD4B}"
EndProject
Project("{9A19103F-16F7-4668-BE54-9A1E7A4F7556}") = "Cropper.Blazor.MAUI.Net8", "Cropper.Blazor.MAUI.Net8\Cropper.Blazor.MAUI.Net8.csproj", "{0C1676CF-1503-4ECC-AD16-4FD844C0FCC0}"
EndProject
Project("{9A19103F-16F7-4668-BE54-9A1E7A4F7556}") = "Cropper.Blazor.Server.Net8", "Cropper.Blazor.Server.Net8\Cropper.Blazor.Server.Net8.csproj", "{9A16F9F9-231A-42C8-A2E9-AE687141BC3B}"
EndProject
Project("{9A19103F-16F7-4668-BE54-9A1E7A4F7556}") = "Cropper.Blazor.WPF.Net6", "Cropper.Blazor.WPF.Net6\Cropper.Blazor.WPF.Net6.csproj", "{4E800E87-808D-4583-90E2-C3A13C25F38C}"
EndProject
Project("{2150E333-8FDC-42A3-9474-1A3956D46DE8}") = "WPF", "WPF", "{516A76C9-8502-4FC4-A614-9989C7C48E21}"
EndProject
Project("{9A19103F-16F7-4668-BE54-9A1E7A4F7556}") = "Cropper.Blazor.WebView.Net6", "Cropper.Blazor.WebView.Net6\Cropper.Blazor.WebView.Net6.csproj", "{BDE3364F-64EA-4906-A889-63CC4BD6EF25}"
EndProject
Project("{2150E333-8FDC-42A3-9474-1A3956D46DE8}") = "MAUI", "MAUI", "{4DED931E-A01B-4B5F-AA64-A003FC0F8DC1}"
EndProject
Project("{2150E333-8FDC-42A3-9474-1A3956D46DE8}") = "MVC", "MVC", "{C1872578-F52C-42A9-98E1-7057E54705E6}"
EndProject
Project("{2150E333-8FDC-42A3-9474-1A3956D46DE8}") = "Server", "Server", "{FE00A07D-B8ED-4AC5-81A7-9F0AF7AE949B}"
EndProject
Global
	GlobalSection(SolutionConfigurationPlatforms) = preSolution
		Debug|Any CPU = Debug|Any CPU
		Release|Any CPU = Release|Any CPU
	EndGlobalSection
	GlobalSection(ProjectConfigurationPlatforms) = postSolution
		{DCB512C2-9EF1-4777-82B8-D9E8FAFD3883}.Debug|Any CPU.ActiveCfg = Debug|Any CPU
		{DCB512C2-9EF1-4777-82B8-D9E8FAFD3883}.Debug|Any CPU.Build.0 = Debug|Any CPU
		{DCB512C2-9EF1-4777-82B8-D9E8FAFD3883}.Release|Any CPU.ActiveCfg = Release|Any CPU
		{DCB512C2-9EF1-4777-82B8-D9E8FAFD3883}.Release|Any CPU.Build.0 = Release|Any CPU
		{A607E161-5266-4B13-AB68-6DEBB8768F54}.Debug|Any CPU.ActiveCfg = Debug|Any CPU
		{A607E161-5266-4B13-AB68-6DEBB8768F54}.Debug|Any CPU.Build.0 = Debug|Any CPU
		{A607E161-5266-4B13-AB68-6DEBB8768F54}.Release|Any CPU.ActiveCfg = Release|Any CPU
		{A607E161-5266-4B13-AB68-6DEBB8768F54}.Release|Any CPU.Build.0 = Release|Any CPU
		{84AC7F07-3FB9-4147-AB61-733243686D9A}.Debug|Any CPU.ActiveCfg = Debug|Any CPU
		{84AC7F07-3FB9-4147-AB61-733243686D9A}.Debug|Any CPU.Build.0 = Debug|Any CPU
		{84AC7F07-3FB9-4147-AB61-733243686D9A}.Release|Any CPU.ActiveCfg = Release|Any CPU
		{84AC7F07-3FB9-4147-AB61-733243686D9A}.Release|Any CPU.Build.0 = Release|Any CPU
		{B6352D48-8912-40CA-B099-E337F1B3CD4B}.Debug|Any CPU.ActiveCfg = Debug|Any CPU
		{B6352D48-8912-40CA-B099-E337F1B3CD4B}.Debug|Any CPU.Build.0 = Debug|Any CPU
		{B6352D48-8912-40CA-B099-E337F1B3CD4B}.Release|Any CPU.ActiveCfg = Release|Any CPU
		{B6352D48-8912-40CA-B099-E337F1B3CD4B}.Release|Any CPU.Build.0 = Release|Any CPU
		{0C1676CF-1503-4ECC-AD16-4FD844C0FCC0}.Debug|Any CPU.ActiveCfg = Debug|Any CPU
		{0C1676CF-1503-4ECC-AD16-4FD844C0FCC0}.Debug|Any CPU.Build.0 = Debug|Any CPU
		{0C1676CF-1503-4ECC-AD16-4FD844C0FCC0}.Debug|Any CPU.Deploy.0 = Debug|Any CPU
		{0C1676CF-1503-4ECC-AD16-4FD844C0FCC0}.Release|Any CPU.ActiveCfg = Release|Any CPU
		{0C1676CF-1503-4ECC-AD16-4FD844C0FCC0}.Release|Any CPU.Build.0 = Release|Any CPU
		{0C1676CF-1503-4ECC-AD16-4FD844C0FCC0}.Release|Any CPU.Deploy.0 = Release|Any CPU
		{9A16F9F9-231A-42C8-A2E9-AE687141BC3B}.Debug|Any CPU.ActiveCfg = Debug|Any CPU
		{9A16F9F9-231A-42C8-A2E9-AE687141BC3B}.Debug|Any CPU.Build.0 = Debug|Any CPU
		{9A16F9F9-231A-42C8-A2E9-AE687141BC3B}.Release|Any CPU.ActiveCfg = Release|Any CPU
		{9A16F9F9-231A-42C8-A2E9-AE687141BC3B}.Release|Any CPU.Build.0 = Release|Any CPU
		{4E800E87-808D-4583-90E2-C3A13C25F38C}.Debug|Any CPU.ActiveCfg = Debug|Any CPU
		{4E800E87-808D-4583-90E2-C3A13C25F38C}.Debug|Any CPU.Build.0 = Debug|Any CPU
		{4E800E87-808D-4583-90E2-C3A13C25F38C}.Release|Any CPU.ActiveCfg = Release|Any CPU
		{4E800E87-808D-4583-90E2-C3A13C25F38C}.Release|Any CPU.Build.0 = Release|Any CPU
		{BDE3364F-64EA-4906-A889-63CC4BD6EF25}.Debug|Any CPU.ActiveCfg = Debug|Any CPU
		{BDE3364F-64EA-4906-A889-63CC4BD6EF25}.Debug|Any CPU.Build.0 = Debug|Any CPU
		{BDE3364F-64EA-4906-A889-63CC4BD6EF25}.Release|Any CPU.ActiveCfg = Release|Any CPU
		{BDE3364F-64EA-4906-A889-63CC4BD6EF25}.Release|Any CPU.Build.0 = Release|Any CPU
	EndGlobalSection
	GlobalSection(SolutionProperties) = preSolution
		HideSolutionNode = FALSE
	EndGlobalSection
	GlobalSection(NestedProjects) = preSolution
		{DCB512C2-9EF1-4777-82B8-D9E8FAFD3883} = {FE00A07D-B8ED-4AC5-81A7-9F0AF7AE949B}
		{A607E161-5266-4B13-AB68-6DEBB8768F54} = {FE00A07D-B8ED-4AC5-81A7-9F0AF7AE949B}
		{84AC7F07-3FB9-4147-AB61-733243686D9A} = {4F93F51C-1D65-4E5D-86F7-7BC5B8899180}
		{B6352D48-8912-40CA-B099-E337F1B3CD4B} = {C1872578-F52C-42A9-98E1-7057E54705E6}
		{0C1676CF-1503-4ECC-AD16-4FD844C0FCC0} = {4DED931E-A01B-4B5F-AA64-A003FC0F8DC1}
		{9A16F9F9-231A-42C8-A2E9-AE687141BC3B} = {FE00A07D-B8ED-4AC5-81A7-9F0AF7AE949B}
		{4E800E87-808D-4583-90E2-C3A13C25F38C} = {516A76C9-8502-4FC4-A614-9989C7C48E21}
		{516A76C9-8502-4FC4-A614-9989C7C48E21} = {49B4C364-A66D-44E3-8094-35C8CEC06100}
		{BDE3364F-64EA-4906-A889-63CC4BD6EF25} = {516A76C9-8502-4FC4-A614-9989C7C48E21}
		{4DED931E-A01B-4B5F-AA64-A003FC0F8DC1} = {49B4C364-A66D-44E3-8094-35C8CEC06100}
		{C1872578-F52C-42A9-98E1-7057E54705E6} = {49B4C364-A66D-44E3-8094-35C8CEC06100}
		{FE00A07D-B8ED-4AC5-81A7-9F0AF7AE949B} = {49B4C364-A66D-44E3-8094-35C8CEC06100}
	EndGlobalSection
	GlobalSection(ExtensibilityGlobals) = postSolution
		SolutionGuid = {5FA0980D-10C3-4751-9432-DE20984B0A69}
	EndGlobalSection
EndGlobal
